
Microsoft Visual Studio Solution File, Format Version 12.00
# Visual Studio Version 17
VisualStudioVersion = 17.10.35027.167
MinimumVisualStudioVersion = 10.0.40219.1
Project("{9A19103F-16F7-4668-BE54-9A1E7A4F7556}") = "Imagine", "Imagine\Imagine.csproj", "{90970322-A725-427B-9D9F-D25D5C647F96}"
EndProject
Project("{9A19103F-16F7-4668-BE54-9A1E7A4F7556}") = "Imagine.DataAccess", "Imagine.DataAccess\Imagine.DataAccess.csproj", "{27C45B37-F38B-47D9-A303-E205AADA3F11}"
EndProject
Project("{9A19103F-16F7-4668-BE54-9A1E7A4F7556}") = "Imagine.Business", "Imagine.Business\Imagine.Business.csproj", "{7E586311-1E21-4956-8933-A9A7BE18E48E}"
EndProject
Global
	GlobalSection(SolutionConfigurationPlatforms) = preSolution
		Debug|Any CPU = Debug|Any CPU
		Release|Any CPU = Release|Any CPU
	EndGlobalSection
	GlobalSection(ProjectConfigurationPlatforms) = postSolution
		{90970322-A725-427B-9D9F-D25D5C647F96}.Debug|Any CPU.ActiveCfg = Debug|Any CPU
		{90970322-A725-427B-9D9F-D25D5C647F96}.Debug|Any CPU.Build.0 = Debug|Any CPU
		{90970322-A725-427B-9D9F-D25D5C647F96}.Release|Any CPU.ActiveCfg = Release|Any CPU
		{90970322-A725-427B-9D9F-D25D5C647F96}.Release|Any CPU.Build.0 = Release|Any CPU
		{27C45B37-F38B-47D9-A303-E205AADA3F11}.Debug|Any CPU.ActiveCfg = Debug|Any CPU
		{27C45B37-F38B-47D9-A303-E205AADA3F11}.Debug|Any CPU.Build.0 = Debug|Any CPU
		{27C45B37-F38B-47D9-A303-E205AADA3F11}.Release|Any CPU.ActiveCfg = Release|Any CPU
		{27C45B37-F38B-47D9-A303-E205AADA3F11}.Release|Any CPU.Build.0 = Release|Any CPU
		{7E586311-1E21-4956-8933-A9A7BE18E48E}.Debug|Any CPU.ActiveCfg = Debug|Any CPU
		{7E586311-1E21-4956-8933-A9A7BE18E48E}.Debug|Any CPU.Build.0 = Debug|Any CPU
		{7E586311-1E21-4956-8933-A9A7BE18E48E}.Release|Any CPU.ActiveCfg = Release|Any CPU
		{7E586311-1E21-4956-8933-A9A7BE18E48E}.Release|Any CPU.Build.0 = Release|Any CPU
	EndGlobalSection
	GlobalSection(SolutionProperties) = preSolution
		HideSolutionNode = FALSE
	EndGlobalSection
	GlobalSection(ExtensibilityGlobals) = postSolution
		SolutionGuid = {FDE43D01-AFAC-4983-BFFC-744D96D1BD89}
	EndGlobalSection
EndGlobal
